
Microsoft Visual Studio Solution File, Format Version 12.00
# Visual Studio Version 16
VisualStudioVersion = 16.0.30104.148
MinimumVisualStudioVersion = 10.0.40219.1
Project("{FAE04EC0-301F-11D3-BF4B-00C04F79EFBC}") = "WebAPI", "WebAPI\WebAPI.csproj", "{B5A45BD1-B290-4DDA-AE88-F67ECA8EEE08}"
EndProject
Global
	GlobalSection(SolutionConfigurationPlatforms) = preSolution
		Debug|Any CPU = Debug|Any CPU
		Release|Any CPU = Release|Any CPU
	EndGlobalSection
	GlobalSection(ProjectConfigurationPlatforms) = postSolution
		{B5A45BD1-B290-4DDA-AE88-F67ECA8EEE08}.Debug|Any CPU.ActiveCfg = Debug|Any CPU
		{B5A45BD1-B290-4DDA-AE88-F67ECA8EEE08}.Debug|Any CPU.Build.0 = Debug|Any CPU
		{B5A45BD1-B290-4DDA-AE88-F67ECA8EEE08}.Release|Any CPU.ActiveCfg = Release|Any CPU
		{B5A45BD1-B290-4DDA-AE88-F67ECA8EEE08}.Release|Any CPU.Build.0 = Release|Any CPU
	EndGlobalSection
	GlobalSection(SolutionProperties) = preSolution
		HideSolutionNode = FALSE
	EndGlobalSection
	GlobalSection(ExtensibilityGlobals) = postSolution
		SolutionGuid = {669A220B-CCA2-4C18-B2B0-DC5464472BC5}
	EndGlobalSection
EndGlobal
